Microsoft Visual Studio Solution File, Format Version 12.00
# Visual Studio Version 17
VisualStudioVersion = 17.5.2.0
MinimumVisualStudioVersion = 10.0.40219.1
Project("{FAE04EC0-301F-11D3-BF4B-00C04F79EFBC}") = "CounterStats", "CounterStats.csproj", "{2A99543B-12D3-0D1B-E139-8767F64CE02C}"
EndProject
Global
	GlobalSection(SolutionConfigurationPlatforms) = preSolution
		Debug|Any CPU = Debug|Any CPU
		Release|Any CPU = Release|Any CPU
	EndGlobalSection
	GlobalSection(ProjectConfigurationPlatforms) = postSolution
		{2A99543B-12D3-0D1B-E139-8767F64CE02C}.Debug|Any CPU.ActiveCfg = Debug|Any CPU
		{2A99543B-12D3-0D1B-E139-8767F64CE02C}.Debug|Any CPU.Build.0 = Debug|Any CPU
		{2A99543B-12D3-0D1B-E139-8767F64CE02C}.Release|Any CPU.ActiveCfg = Release|Any CPU
		{2A99543B-12D3-0D1B-E139-8767F64CE02C}.Release|Any CPU.Build.0 = Release|Any CPU
	EndGlobalSection
	GlobalSection(SolutionProperties) = preSolution
		HideSolutionNode = FALSE
	EndGlobalSection
	GlobalSection(ExtensibilityGlobals) = postSolution
		SolutionGuid = {F6A74A50-75AB-4D26-BB19-E8F9F7FEF55D}
	EndGlobalSection
EndGlobal
